
Microsoft Visual Studio Solution File, Format Version 12.00
# Visual Studio Version 17
VisualStudioVersion = 17.8.34525.116
MinimumVisualStudioVersion = 10.0.40219.1
Project("{FAE04EC0-301F-11D3-BF4B-00C04F79EFBC}") = "library", "library\library.csproj", "{BA2790F1-9EF6-46CC-9F72-CEF817F91DE7}"
EndProject
Global
	GlobalSection(SolutionConfigurationPlatforms) = preSolution
		Debug|Any CPU = Debug|Any CPU
		Release|Any CPU = Release|Any CPU
	EndGlobalSection
	GlobalSection(ProjectConfigurationPlatforms) = postSolution
		{BA2790F1-9EF6-46CC-9F72-CEF817F91DE7}.Debug|Any CPU.ActiveCfg = Debug|Any CPU
		{BA2790F1-9EF6-46CC-9F72-CEF817F91DE7}.Debug|Any CPU.Build.0 = Debug|Any CPU
		{BA2790F1-9EF6-46CC-9F72-CEF817F91DE7}.Release|Any CPU.ActiveCfg = Release|Any CPU
		{BA2790F1-9EF6-46CC-9F72-CEF817F91DE7}.Release|Any CPU.Build.0 = Release|Any CPU
	EndGlobalSection
	GlobalSection(SolutionProperties) = preSolution
		HideSolutionNode = FALSE
	EndGlobalSection
	GlobalSection(ExtensibilityGlobals) = postSolution
		SolutionGuid = {7D93A0E6-ED99-40DA-A96D-BAB7A5CA44F4}
	EndGlobalSection
EndGlobal
